
Microsoft Visual Studio Solution File, Format Version 12.00
# Visual Studio Version 17
VisualStudioVersion = 17.8.34316.72
MinimumVisualStudioVersion = 10.0.40219.1
Project("{FAE04EC0-301F-11D3-BF4B-00C04F79EFBC}") = "MagicVilla_API", "MagicVilla_API\MagicVilla_API.csproj", "{0424C704-5564-4F09-A1ED-15FA15D1EDE9}"
EndProject
Global
	GlobalSection(SolutionConfigurationPlatforms) = preSolution
		Debug|Any CPU = Debug|Any CPU
		Release|Any CPU = Release|Any CPU
	EndGlobalSection
	GlobalSection(ProjectConfigurationPlatforms) = postSolution
		{0424C704-5564-4F09-A1ED-15FA15D1EDE9}.Debug|Any CPU.ActiveCfg = Debug|Any CPU
		{0424C704-5564-4F09-A1ED-15FA15D1EDE9}.Debug|Any CPU.Build.0 = Debug|Any CPU
		{0424C704-5564-4F09-A1ED-15FA15D1EDE9}.Release|Any CPU.ActiveCfg = Release|Any CPU
		{0424C704-5564-4F09-A1ED-15FA15D1EDE9}.Release|Any CPU.Build.0 = Release|Any CPU
	EndGlobalSection
	GlobalSection(SolutionProperties) = preSolution
		HideSolutionNode = FALSE
	EndGlobalSection
	GlobalSection(ExtensibilityGlobals) = postSolution
		SolutionGuid = {0A99A7BD-8B55-4B47-9128-EF16D6676524}
	EndGlobalSection
EndGlobal
